// !$*UTF8*$!
{
	archiveVersion = 1;
	classes = {
	};
	objectVersion = 77;
	objects = {

/* Begin PBXBuildFile section */
		97E37FDF2D1A4BC5005012FA /* FirebaseAnalytics in Frameworks */ = {isa = PBXBuildFile; productRef = 97E37FDE2D1A4BC5005012FA /* FirebaseAnalytics */; };
		97E37FE12D1A4BC5005012FA /* FirebaseAuth in Frameworks */ = {isa = PBXBuildFile; productRef = 97E37FE02D1A4BC5005012FA /* FirebaseAuth */; };
		97E37FE32D1A4BC5005012FA /* FirebaseCore in Frameworks */ = {isa = PBXBuildFile; productRef = 97E37FE22D1A4BC5005012FA /* FirebaseCore */; };
		97E37FE52D1A4BC5005012FA /* FirebaseCrashlytics in Frameworks */ = {isa = PBXBuildFile; productRef = 97E37FE42D1A4BC5005012FA /* FirebaseCrashlytics */; };
		97E37FE72D1A4BC5005012FA /* FirebaseDatabase in Frameworks */ = {isa = PBXBuildFile; productRef = 97E37FE62D1A4BC5005012FA /* FirebaseDatabase */; };
		97E37FE92D1A4BC5005012FA /* FirebaseFirestore in Frameworks */ = {isa = PBXBuildFile; productRef = 97E37FE82D1A4BC5005012FA /* FirebaseFirestore */; };
		97E37FEB2D1A4BC5005012FA /* FirebaseMessaging in Frameworks */ = {isa = PBXBuildFile; productRef = 97E37FEA2D1A4BC5005012FA /* FirebaseMessaging */; };
		97E37FED2D1A4BC5005012FA /* FirebasePerformance in Frameworks */ = {isa = PBXBuildFile; productRef = 97E37FEC2D1A4BC5005012FA /* FirebasePerformance */; };
		97E37FEF2D1A4BC5005012FA /* FirebaseStorage in Frameworks */ = {isa = PBXBuildFile; productRef = 97E37FEE2D1A4BC5005012FA /* FirebaseStorage */; };
		97E37FF12D1A4BC5005012FA /* FirebaseVertexAI in Frameworks */ = {isa = PBXBuildFile; productRef = 97E37FF02D1A4BC5005012FA /* FirebaseVertexAI */; };
		97E37FF42D1A4BDA005012FA /* FirebaseCore in Frameworks */ = {isa = PBXBuildFile; productRef = 97E37FF32D1A4BDA005012FA /* FirebaseCore */; };
		97E37FF62D1A4BF4005012FA /* FirebaseCrashlytics in Frameworks */ = {isa = PBXBuildFile; productRef = 97E37FF52D1A4BF4005012FA /* FirebaseCrashlytics */; };
		97E37FF82D1A4BF4005012FA /* FirebaseDatabase in Frameworks */ = {isa = PBXBuildFile; productRef = 97E37FF72D1A4BF4005012FA /* FirebaseDatabase */; };
		97E37FFA2D1A4C01005012FA /* FirebaseAnalytics in Frameworks */ = {isa = PBXBuildFile; productRef = 97E37FF92D1A4C01005012FA /* FirebaseAnalytics */; };
		97E37FFC2D1A4C15005012FA /* FirebaseMessaging in Frameworks */ = {isa = PBXBuildFile; productRef = 97E37FFB2D1A4C15005012FA /* FirebaseMessaging */; };
		97E37FFE2D1A4C1B005012FA /* FirebaseInAppMessaging-Beta in Frameworks */ = {isa = PBXBuildFile; productRef = 97E37FFD2D1A4C1B005012FA /* FirebaseInAppMessaging-Beta */; };
		97E380002D1A4C26005012FA /* FirebasePerformance in Frameworks */ = {isa = PBXBuildFile; productRef = 97E37FFF2D1A4C26005012FA /* FirebasePerformance */; };
		97E380022D1A4C2A005012FA /* FirebaseStorage in Frameworks */ = {isa = PBXBuildFile; productRef = 97E380012D1A4C2A005012FA /* FirebaseStorage */; };
		97E380062D1A578D005012FA /* GameKit.framework in Frameworks */ = {isa = PBXBuildFile; fileRef = 97E380032D1A578D005012FA /* GameKit.framework */; };
		97E380072D1A578D005012FA /* GameplayKit.framework in Frameworks */ = {isa = PBXBuildFile; fileRef = 97E380042D1A578D005012FA /* GameplayKit.framework */; };
		97E380082D1A578D005012FA /* GameController.framework in Frameworks */ = {isa = PBXBuildFile; fileRef = 97E380052D1A578D005012FA /* GameController.framework */; };
/* End PBXBuildFile section */

/* Begin PBXContainerItemProxy section */
		97E37FBE2D1A3053005012FA /* PBXContainerItemProxy */ = {
			isa = PBXContainerItemProxy;
			containerPortal = 97E37FA12D1A3052005012FA /* Project object */;
			proxyType = 1;
			remoteGlobalIDString = 97E37FA82D1A3052005012FA;
			remoteInfo = "Dungeon Explorer";
		};
		97E37FC82D1A3053005012FA /* PBXContainerItemProxy */ = {
			isa = PBXContainerItemProxy;
			containerPortal = 97E37FA12D1A3052005012FA /* Project object */;
			proxyType = 1;
			remoteGlobalIDString = 97E37FA82D1A3052005012FA;
			remoteInfo = "Dungeon Explorer";
		};
/* End PBXContainerItemProxy section */

/* Begin PBXFileReference section */
		97E37FA92D1A3052005012FA /* Dungeon Explorer.app */ = {isa = PBXFileReference; explicitFileType = wrapper.application; includeInIndex = 0; path = "Dungeon Explorer.app"; sourceTree = BUILT_PRODUCTS_DIR; };
		97E37FBD2D1A3053005012FA /* Dungeon ExplorerTests.xctest */ = {isa = PBXFileReference; explicitFileType = wrapper.cfbundle; includeInIndex = 0; path = "Dungeon ExplorerTests.xctest"; sourceTree = BUILT_PRODUCTS_DIR; };
		97E37FC72D1A3053005012FA /* Dungeon ExplorerUITests.xctest */ = {isa = PBXFileReference; explicitFileType = wrapper.cfbundle; includeInIndex = 0; path = "Dungeon ExplorerUITests.xctest"; sourceTree = BUILT_PRODUCTS_DIR; };
		97E380032D1A578D005012FA /* GameKit.framework */ = {isa = PBXFileReference; lastKnownFileType = wrapper.framework; name = GameKit.framework; path = System/Library/Frameworks/GameKit.framework; sourceTree = SDKROOT; };
		97E380042D1A578D005012FA /* GameplayKit.framework */ = {isa = PBXFileReference; lastKnownFileType = wrapper.framework; name = GameplayKit.framework; path = System/Library/Frameworks/GameplayKit.framework; sourceTree = SDKROOT; };
		97E380052D1A578D005012FA /* GameController.framework */ = {isa = PBXFileReference; lastKnownFileType = wrapper.framework; name = GameController.framework; path = System/Library/Frameworks/GameController.framework; sourceTree = SDKROOT; };
/* End PBXFileReference section */

/* Begin PBXFileSystemSynchronizedBuildFileExceptionSet section */
		97E37FCF2D1A3053005012FA /* Exceptions for "Dungeon Explorer" folder in "Dungeon Explorer" target */ = {
			isa = PBXFileSystemSynchronizedBuildFileExceptionSet;
			membershipExceptions = (
				Info.plist,
			);
			target = 97E37FA82D1A3052005012FA /* Dungeon Explorer */;
		};
/* End PBXFileSystemSynchronizedBuildFileExceptionSet section */

/* Begin PBXFileSystemSynchronizedRootGroup section */
		97E37FAB2D1A3052005012FA /* Dungeon Explorer */ = {
			isa = PBXFileSystemSynchronizedRootGroup;
			exceptions = (
				97E37FCF2D1A3053005012FA /* Exceptions for "Dungeon Explorer" folder in "Dungeon Explorer" target */,
			);
			path = "Dungeon Explorer";
			sourceTree = "<group>";
		};
		97E37FC02D1A3053005012FA /* Dungeon ExplorerTests */ = {
			isa = PBXFileSystemSynchronizedRootGroup;
			path = "Dungeon ExplorerTests";
			sourceTree = "<group>";
		};
		97E37FCA2D1A3053005012FA /* Dungeon ExplorerUITests */ = {
			isa = PBXFileSystemSynchronizedRootGroup;
			path = "Dungeon ExplorerUITests";
			sourceTree = "<group>";
		};
/* End PBXFileSystemSynchronizedRootGroup section */

/* Begin PBXFrameworksBuildPhase section */
		97E37FA62D1A3052005012FA /* Frameworks */ = {
			isa = PBXFrameworksBuildPhase;
			buildActionMask = 2147483647;
			files = (
				97E380062D1A578D005012FA /* GameKit.framework in Frameworks */,
				97E380072D1A578D005012FA /* GameplayKit.framework in Frameworks */,
				97E380082D1A578D005012FA /* GameController.framework in Frameworks */,
				97E37FE72D1A4BC5005012FA /* FirebaseDatabase in Frameworks */,
				97E37FDF2D1A4BC5005012FA /* FirebaseAnalytics in Frameworks */,
				97E37FEF2D1A4BC5005012FA /* FirebaseStorage in Frameworks */,
				97E37FEB2D1A4BC5005012FA /* FirebaseMessaging in Frameworks */,
				97E37FE52D1A4BC5005012FA /* FirebaseCrashlytics in Frameworks */,
				97E37FE32D1A4BC5005012FA /* FirebaseCore in Frameworks */,
				97E37FE12D1A4BC5005012FA /* FirebaseAuth in Frameworks */,
				97E37FF12D1A4BC5005012FA /* FirebaseVertexAI in Frameworks */,
				97E37FED2D1A4BC5005012FA /* FirebasePerformance in Frameworks */,
				97E37FE92D1A4BC5005012FA /* FirebaseFirestore in Frameworks */,
			);
			runOnlyForDeploymentPostprocessing = 0;
		};
		97E37FBA2D1A3053005012FA /* Frameworks */ = {
			isa = PBXFrameworksBuildPhase;
			buildActionMask = 2147483647;
			files = (
			);
			runOnlyForDeploymentPostprocessing = 0;
		};
		97E37FC42D1A3053005012FA /* Frameworks */ = {
			isa = PBXFrameworksBuildPhase;
			buildActionMask = 2147483647;
			files = (
				97E380002D1A4C26005012FA /* FirebasePerformance in Frameworks */,
				97E37FF82D1A4BF4005012FA /* FirebaseDatabase in Frameworks */,
				97E37FF42D1A4BDA005012FA /* FirebaseCore in Frameworks */,
				97E37FFC2D1A4C15005012FA /* FirebaseMessaging in Frameworks */,
				97E37FFA2D1A4C01005012FA /* FirebaseAnalytics in Frameworks */,
				97E380022D1A4C2A005012FA /* FirebaseStorage in Frameworks */,
				97E37FF62D1A4BF4005012FA /* FirebaseCrashlytics in Frameworks */,
				97E37FFE2D1A4C1B005012FA /* FirebaseInAppMessaging-Beta in Frameworks */,
			);
			runOnlyForDeploymentPostprocessing = 0;
		};
/* End PBXFrameworksBuildPhase section */

/* Begin PBXGroup section */
		97E37FA02D1A3052005012FA = {
			isa = PBXGroup;
			children = (
				97E37FAB2D1A3052005012FA /* Dungeon Explorer */,
				97E37FC02D1A3053005012FA /* Dungeon ExplorerTests */,
				97E37FCA2D1A3053005012FA /* Dungeon ExplorerUITests */,
				97E37FF22D1A4BDA005012FA /* Frameworks */,
				97E37FAA2D1A3052005012FA /* Products */,
			);
			sourceTree = "<group>";
		};
		97E37FAA2D1A3052005012FA /* Products */ = {
			isa = PBXGroup;
			children = (
				97E37FA92D1A3052005012FA /* Dungeon Explorer.app */,
				97E37FBD2D1A3053005012FA /* Dungeon ExplorerTests.xctest */,
				97E37FC72D1A3053005012FA /* Dungeon ExplorerUITests.xctest */,
			);
			name = Products;
			sourceTree = "<group>";
		};
		97E37FF22D1A4BDA005012FA /* Frameworks */ = {
			isa = PBXGroup;
			children = (
				97E380052D1A578D005012FA /* GameController.framework */,
				97E380032D1A578D005012FA /* GameKit.framework */,
				97E380042D1A578D005012FA /* GameplayKit.framework */,
			);
			name = Frameworks;
			sourceTree = "<group>";
		};
/* End PBXGroup section */

/* Begin PBXNativeTarget section */
		97E37FA82D1A3052005012FA /* Dungeon Explorer */ = {
			isa = PBXNativeTarget;
			buildConfigurationList = 97E37FD02D1A3053005012FA /* Build configuration list for PBXNativeTarget "Dungeon Explorer" */;
			buildPhases = (
				97E37FA52D1A3052005012FA /* Sources */,
				97E37FA62D1A3052005012FA /* Frameworks */,
				97E37FA72D1A3052005012FA /* Resources */,
			);
			buildRules = (
			);
			dependencies = (
			);
			fileSystemSynchronizedGroups = (
				97E37FAB2D1A3052005012FA /* Dungeon Explorer */,
			);
			name = "Dungeon Explorer";
			packageProductDependencies = (
				97E37FDE2D1A4BC5005012FA /* FirebaseAnalytics */,
				97E37FE02D1A4BC5005012FA /* FirebaseAuth */,
				97E37FE22D1A4BC5005012FA /* FirebaseCore */,
				97E37FE42D1A4BC5005012FA /* FirebaseCrashlytics */,
				97E37FE62D1A4BC5005012FA /* FirebaseDatabase */,
				97E37FE82D1A4BC5005012FA /* FirebaseFirestore */,
				97E37FEA2D1A4BC5005012FA /* FirebaseMessaging */,
				97E37FEC2D1A4BC5005012FA /* FirebasePerformance */,
				97E37FEE2D1A4BC5005012FA /* FirebaseStorage */,
				97E37FF02D1A4BC5005012FA /* FirebaseVertexAI */,
			);
			productName = "Dungeon Explorer";
			productReference = 97E37FA92D1A3052005012FA /* Dungeon Explorer.app */;
			productType = "com.apple.product-type.application";
		};
		97E37FBC2D1A3053005012FA /* Dungeon ExplorerTests */ = {
			isa = PBXNativeTarget;
			buildConfigurationList = 97E37FD52D1A3053005012FA /* Build configuration list for PBXNativeTarget "Dungeon ExplorerTests" */;
			buildPhases = (
				97E37FB92D1A3053005012FA /* Sources */,
				97E37FBA2D1A3053005012FA /* Frameworks */,
				97E37FBB2D1A3053005012FA /* Resources */,
			);
			buildRules = (
			);
			dependencies = (
				97E37FBF2D1A3053005012FA /* PBXTargetDependency */,
			);
			fileSystemSynchronizedGroups = (
				97E37FC02D1A3053005012FA /* Dungeon ExplorerTests */,
			);
			name = "Dungeon ExplorerTests";
			packageProductDependencies = (
			);
			productName = "Dungeon ExplorerTests";
			productReference = 97E37FBD2D1A3053005012FA /* Dungeon ExplorerTests.xctest */;
			productType = "com.apple.product-type.bundle.unit-test";
		};
		97E37FC62D1A3053005012FA /* Dungeon ExplorerUITests */ = {
			isa = PBXNativeTarget;
			buildConfigurationList = 97E37FD82D1A3053005012FA /* Build configuration list for PBXNativeTarget "Dungeon ExplorerUITests" */;
			buildPhases = (
				97E37FC32D1A3053005012FA /* Sources */,
				97E37FC42D1A3053005012FA /* Frameworks */,
				97E37FC52D1A3053005012FA /* Resources */,
			);
			buildRules = (
			);
			dependencies = (
				97E37FC92D1A3053005012FA /* PBXTargetDependency */,
			);
			fileSystemSynchronizedGroups = (
				97E37FCA2D1A3053005012FA /* Dungeon ExplorerUITests */,
			);
			name = "Dungeon ExplorerUITests";
			packageProductDependencies = (
				97E37FF32D1A4BDA005012FA /* FirebaseCore */,
				97E37FF52D1A4BF4005012FA /* FirebaseCrashlytics */,
				97E37FF72D1A4BF4005012FA /* FirebaseDatabase */,
				97E37FF92D1A4C01005012FA /* FirebaseAnalytics */,
				97E37FFB2D1A4C15005012FA /* FirebaseMessaging */,
				97E37FFD2D1A4C1B005012FA /* FirebaseInAppMessaging-Beta */,
				97E37FFF2D1A4C26005012FA /* FirebasePerformance */,
				97E380012D1A4C2A005012FA /* FirebaseStorage */,
			);
			productName = "Dungeon ExplorerUITests";
			productReference = 97E37FC72D1A3053005012FA /* Dungeon ExplorerUITests.xctest */;
			productType = "com.apple.product-type.bundle.ui-testing";
		};
/* End PBXNativeTarget section */

/* Begin PBXProject section */
		97E37FA12D1A3052005012FA /* Project object */ = {
			isa = PBXProject;
			attributes = {
				BuildIndependentTargetsInParallel = 1;
				LastSwiftUpdateCheck = 1610;
				LastUpgradeCheck = 1610;
				TargetAttributes = {
					97E37FA82D1A3052005012FA = {
						CreatedOnToolsVersion = 16.1;
					};
					97E37FBC2D1A3053005012FA = {
						CreatedOnToolsVersion = 16.1;
						TestTargetID = 97E37FA82D1A3052005012FA;
					};
					97E37FC62D1A3053005012FA = {
						CreatedOnToolsVersion = 16.1;
						TestTargetID = 97E37FA82D1A3052005012FA;
					};
				};
			};
			buildConfigurationList = 97E37FA42D1A3052005012FA /* Build configuration list for PBXProject "Dungeon Explorer" */;
			developmentRegion = en;
			hasScannedForEncodings = 0;
			knownRegions = (
				en,
				Base,
			);
			mainGroup = 97E37FA02D1A3052005012FA;
			minimizedProjectReferenceProxies = 1;
			packageReferences = (
				97E37FDD2D1A4690005012FA /* XCRemoteSwiftPackageReference "firebase-ios-sdk" */,
			);
			preferredProjectObjectVersion = 77;
			productRefGroup = 97E37FAA2D1A3052005012FA /* Products */;
			projectDirPath = "";
			projectRoot = "";
			targets = (
				97E37FA82D1A3052005012FA /* Dungeon Explorer */,
				97E37FBC2D1A3053005012FA /* Dungeon ExplorerTests */,
				97E37FC62D1A3053005012FA /* Dungeon ExplorerUITests */,
			);
		};
/* End PBXProject section */

/* Begin PBXResourcesBuildPhase section */
		97E37FA72D1A3052005012FA /* Resources */ = {
			isa = PBXResourcesBuildPhase;
			buildActionMask = 2147483647;
			files = (
			);
			runOnlyForDeploymentPostprocessing = 0;
		};
		97E37FBB2D1A3053005012FA /* Resources */ = {
			isa = PBXResourcesBuildPhase;
			buildActionMask = 2147483647;
			files = (
			);
			runOnlyForDeploymentPostprocessing = 0;
		};
		97E37FC52D1A3053005012FA /* Resources */ = {
			isa = PBXResourcesBuildPhase;
			buildActionMask = 2147483647;
			files = (
			);
			runOnlyForDeploymentPostprocessing = 0;
		};
/* End PBXResourcesBuildPhase section */

/* Begin PBXSourcesBuildPhase section */
		97E37FA52D1A3052005012FA /* Sources */ = {
			isa = PBXSourcesBuildPhase;
			buildActionMask = 2147483647;
			files = (
			);
			runOnlyForDeploymentPostprocessing = 0;
		};
		97E37FB92D1A3053005012FA /* Sources */ = {
			isa = PBXSourcesBuildPhase;
			buildActionMask = 2147483647;
			files = (
			);
			runOnlyForDeploymentPostprocessing = 0;
		};
		97E37FC32D1A3053005012FA /* Sources */ = {
			isa = PBXSourcesBuildPhase;
			buildActionMask = 2147483647;
			files = (
			);
			runOnlyForDeploymentPostprocessing = 0;
		};
/* End PBXSourcesBuildPhase section */

/* Begin PBXTargetDependency section */
		97E37FBF2D1A3053005012FA /* PBXTargetDependency */ = {
			isa = PBXTargetDependency;
			target = 97E37FA82D1A3052005012FA /* Dungeon Explorer */;
			targetProxy = 97E37FBE2D1A3053005012FA /* PBXContainerItemProxy */;
		};
		97E37FC92D1A3053005012FA /* PBXTargetDependency */ = {
			isa = PBXTargetDependency;
			target = 97E37FA82D1A3052005012FA /* Dungeon Explorer */;
			targetProxy = 97E37FC82D1A3053005012FA /* PBXContainerItemProxy */;
		};
/* End PBXTargetDependency section */

/* Begin XCBuildConfiguration section */
		97E37FD12D1A3053005012FA /* Debug */ = {
			isa = XCBuildConfiguration;
			buildSettings = {
				ASSETCATALOG_COMPILER_APPICON_NAME = AppIcon;
				ASSETCATALOG_COMPILER_GLOBAL_ACCENT_COLOR_NAME = AccentColor;
				CODE_SIGN_ENTITLEMENTS = "Dungeon Explorer/Dungeon_Explorer.entitlements";
				CODE_SIGN_STYLE = Automatic;
				CURRENT_PROJECT_VERSION = 1;
				DEVELOPMENT_ASSET_PATHS = "\"Dungeon Explorer/Preview Content\"";
				DEVELOPMENT_TEAM = J5F2V3TGP8;
				ENABLE_PREVIEWS = YES;
				GENERATE_INFOPLIST_FILE = YES;
				INFOPLIST_FILE = "Dungeon Explorer/Info.plist";
				INFOPLIST_KEY_LSApplicationCategoryType = "public.app-category.games";
				INFOPLIST_KEY_UIApplicationSceneManifest_Generation = YES;
				INFOPLIST_KEY_UIApplicationSupportsIndirectInputEvents = YES;
				INFOPLIST_KEY_UILaunchScreen_Generation = YES;
				INFOPLIST_KEY_UISupportedInterfaceOrientations_iPad = "UIInterfaceOrientationPortrait UIInterfaceOrientationPortraitUpsideDown UIInterfaceOrientationLandscapeLeft UIInterfaceOrientationLandscapeRight";
				INFOPLIST_KEY_UISupportedInterfaceOrientations_iPhone = "UIInterfaceOrientationPortrait UIInterfaceOrientationLandscapeLeft UIInterfaceOrientationLandscapeRight";
				LD_RUNPATH_SEARCH_PATHS = (
					"$(inherited)",
					"@executable_path/Frameworks",
				);
				MARKETING_VERSION = 1.0;
				PRODUCT_BUNDLE_IDENTIFIER = "edmare.Dungeon-Explorer";
				PRODUCT_NAME = "$(TARGET_NAME)";
				SWIFT_EMIT_LOC_STRINGS = YES;
				SWIFT_VERSION = 5.0;
				TARGETED_DEVICE_FAMILY = "1,2";
			};
			name = Debug;
		};
		97E37FD22D1A3053005012FA /* Release */ = {
			isa = XCBuildConfiguration;
			buildSettings = {
				ASSETCATALOG_COMPILER_APPICON_NAME = AppIcon;
				ASSETCATALOG_COMPILER_GLOBAL_ACCENT_COLOR_NAME = AccentColor;
				CODE_SIGN_ENTITLEMENTS = "Dungeon Explorer/Dungeon_Explorer.entitlements";
				CODE_SIGN_STYLE = Automatic;
				CURRENT_PROJECT_VERSION = 1;
				DEVELOPMENT_ASSET_PATHS = "\"Dungeon Explorer/Preview Content\"";
				DEVELOPMENT_TEAM = J5F2V3TGP8;
				ENABLE_PREVIEWS = YES;
				GENERATE_INFOPLIST_FILE = YES;
				INFOPLIST_FILE = "Dungeon Explorer/Info.plist";
				INFOPLIST_KEY_LSApplicationCategoryType = "public.app-category.games";
				INFOPLIST_KEY_UIApplicationSceneManifest_Generation = YES;
				INFOPLIST_KEY_UIApplicationSupportsIndirectInputEvents = YES;
				INFOPLIST_KEY_UILaunchScreen_Generation = YES;
				INFOPLIST_KEY_UISupportedInterfaceOrientations_iPad = "UIInterfaceOrientationPortrait UIInterfaceOrientationPortraitUpsideDown UIInterfaceOrientationLandscapeLeft UIInterfaceOrientationLandscapeRight";
				INFOPLIST_KEY_UISupportedInterfaceOrientations_iPhone = "UIInterfaceOrientationPortrait UIInterfaceOrientationLandscapeLeft UIInterfaceOrientationLandscapeRight";
				LD_RUNPATH_SEARCH_PATHS = (
					"$(inherited)",
					"@executable_path/Frameworks",
				);
				MARKETING_VERSION = 1.0;
				PRODUCT_BUNDLE_IDENTIFIER = "edmare.Dungeon-Explorer";
				PRODUCT_NAME = "$(TARGET_NAME)";
				SWIFT_EMIT_LOC_STRINGS = YES;
				SWIFT_VERSION = 5.0;
				TARGETED_DEVICE_FAMILY = "1,2";
			};
			name = Release;
		};
		97E37FD32D1A3053005012FA /* Debug */ = {
			isa = XCBuildConfiguration;
			buildSettings = {
				ALWAYS_SEARCH_USER_PATHS = NO;
				ASSETCATALOG_COMPILER_GENERATE_SWIFT_ASSET_SYMBOL_EXTENSIONS = YES;
				CLANG_ANALYZER_NONNULL = YES;
				CLANG_ANALYZER_NUMBER_OBJECT_CONVERSION = YES_AGGRESSIVE;
				CLANG_CXX_LANGUAGE_STANDARD = "gnu++20";
				CLANG_ENABLE_MODULES = YES;
				CLANG_ENABLE_OBJC_ARC = YES;
				CLANG_ENABLE_OBJC_WEAK = YES;
				CLANG_WARN_BLOCK_CAPTURE_AUTORELEASING = YES;
				CLANG_WARN_BOOL_CONVERSION = YES;
				CLANG_WARN_COMMA = YES;
				CLANG_WARN_CONSTANT_CONVERSION = YES;
				CLANG_WARN_DEPRECATED_OBJC_IMPLEMENTATIONS = YES;
				CLANG_WARN_DIRECT_OBJC_ISA_USAGE = YES_ERROR;
				CLANG_WARN_DOCUMENTATION_COMMENTS = YES;
				CLANG_WARN_EMPTY_BODY = YES;
				CLANG_WARN_ENUM_CONVERSION = YES;
				CLANG_WARN_INFINITE_RECURSION = YES;
				CLANG_WARN_INT_CONVERSION = YES;
				CLANG_WARN_NON_LITERAL_NULL_CONVERSION = YES;
				CLANG_WARN_OBJC_IMPLICIT_RETAIN_SELF = YES;
				CLANG_WARN_OBJC_LITERAL_CONVERSION = YES;
				CLANG_WARN_OBJC_ROOT_CLASS = YES_ERROR;
				CLANG_WARN_QUOTED_INCLUDE_IN_FRAMEWORK_HEADER = YES;
				CLANG_WARN_RANGE_LOOP_ANALYSIS = YES;
				CLANG_WARN_STRICT_PROTOTYPES = YES;
				CLANG_WARN_SUSPICIOUS_MOVE = YES;
				CLANG_WARN_UNGUARDED_AVAILABILITY = YES_AGGRESSIVE;
				CLANG_WARN_UNREACHABLE_CODE = YES;
				CLANG_WARN__DUPLICATE_METHOD_MATCH = YES;
				COPY_PHASE_STRIP = NO;
				DEBUG_INFORMATION_FORMAT = dwarf;
				ENABLE_STRICT_OBJC_MSGSEND = YES;
				ENABLE_TESTABILITY = YES;
				ENABLE_USER_SCRIPT_SANDBOXING = YES;
				GCC_C_LANGUAGE_STANDARD = gnu17;
				GCC_DYNAMIC_NO_PIC = NO;
				GCC_NO_COMMON_BLOCKS = YES;
				GCC_OPTIMIZATION_LEVEL = 0;
				GCC_PREPROCESSOR_DEFINITIONS = (
					"DEBUG=1",
					"$(inherited)",
				);
				GCC_WARN_64_TO_32_BIT_CONVERSION = YES;
				GCC_WARN_ABOUT_RETURN_TYPE = YES_ERROR;
				GCC_WARN_UNDECLARED_SELECTOR = YES;
				GCC_WARN_UNINITIALIZED_AUTOS = YES_AGGRESSIVE;
				GCC_WARN_UNUSED_FUNCTION = YES;
				GCC_WARN_UNUSED_VARIABLE = YES;
				IPHONEOS_DEPLOYMENT_TARGET = 18.1;
				LOCALIZATION_PREFERS_STRING_CATALOGS = YES;
				MTL_ENABLE_DEBUG_INFO = INCLUDE_SOURCE;
				MTL_FAST_MATH = YES;
				ONLY_ACTIVE_ARCH = YES;
				SDKROOT = iphoneos;
				SWIFT_ACTIVE_COMPILATION_CONDITIONS = "DEBUG $(inherited)";
				SWIFT_OPTIMIZATION_LEVEL = "-Onone";
			};
			name = Debug;
		};
		97E37FD42D1A3053005012FA /* Release */ = {
			isa = XCBuildConfiguration;
			buildSettings = {
				ALWAYS_SEARCH_USER_PATHS = NO;
				ASSETCATALOG_COMPILER_GENERATE_SWIFT_ASSET_SYMBOL_EXTENSIONS = YES;
				CLANG_ANALYZER_NONNULL = YES;
				CLANG_ANALYZER_NUMBER_OBJECT_CONVERSION = YES_AGGRESSIVE;
				CLANG_CXX_LANGUAGE_STANDARD = "gnu++20";
				CLANG_ENABLE_MODULES = YES;
				CLANG_ENABLE_OBJC_ARC = YES;
				CLANG_ENABLE_OBJC_WEAK = YES;
				CLANG_WARN_BLOCK_CAPTURE_AUTORELEASING = YES;
				CLANG_WARN_BOOL_CONVERSION = YES;
				CLANG_WARN_COMMA = YES;
				CLANG_WARN_CONSTANT_CONVERSION = YES;
				CLANG_WARN_DEPRECATED_OBJC_IMPLEMENTATIONS = YES;
				CLANG_WARN_DIRECT_OBJC_ISA_USAGE = YES_ERROR;
				CLANG_WARN_DOCUMENTATION_COMMENTS = YES;
				CLANG_WARN_EMPTY_BODY = YES;
				CLANG_WARN_ENUM_CONVERSION = YES;
				CLANG_WARN_INFINITE_RECURSION = YES;
				CLANG_WARN_INT_CONVERSION = YES;
				CLANG_WARN_NON_LITERAL_NULL_CONVERSION = YES;
				CLANG_WARN_OBJC_IMPLICIT_RETAIN_SELF = YES;
				CLANG_WARN_OBJC_LITERAL_CONVERSION = YES;
				CLANG_WARN_OBJC_ROOT_CLASS = YES_ERROR;
				CLANG_WARN_QUOTED_INCLUDE_IN_FRAMEWORK_HEADER = YES;
				CLANG_WARN_RANGE_LOOP_ANALYSIS = YES;
				CLANG_WARN_STRICT_PROTOTYPES = YES;
				CLANG_WARN_SUSPICIOUS_MOVE = YES;
				CLANG_WARN_UNGUARDED_AVAILABILITY = YES_AGGRESSIVE;
				CLANG_WARN_UNREACHABLE_CODE = YES;
				CLANG_WARN__DUPLICATE_METHOD_MATCH = YES;
				COPY_PHASE_STRIP = NO;
				DEBUG_INFORMATION_FORMAT = "dwarf-with-dsym";
				ENABLE_NS_ASSERTIONS = NO;
				ENABLE_STRICT_OBJC_MSGSEND = YES;
				ENABLE_USER_SCRIPT_SANDBOXING = YES;
				GCC_C_LANGUAGE_STANDARD = gnu17;
				GCC_NO_COMMON_BLOCKS = YES;
				GCC_WARN_64_TO_32_BIT_CONVERSION = YES;
				GCC_WARN_ABOUT_RETURN_TYPE = YES_ERROR;
				GCC_WARN_UNDECLARED_SELECTOR = YES;
				GCC_WARN_UNINITIALIZED_AUTOS = YES_AGGRESSIVE;
				GCC_WARN_UNUSED_FUNCTION = YES;
				GCC_WARN_UNUSED_VARIABLE = YES;
				IPHONEOS_DEPLOYMENT_TARGET = 18.1;
				LOCALIZATION_PREFERS_STRING_CATALOGS = YES;
				MTL_ENABLE_DEBUG_INFO = NO;
				MTL_FAST_MATH = YES;
				SDKROOT = iphoneos;
				SWIFT_COMPILATION_MODE = wholemodule;
				VALIDATE_PRODUCT = YES;
			};
			name = Release;
		};
		97E37FD62D1A3053005012FA /* Debug */ = {
			isa = XCBuildConfiguration;
			buildSettings = {
				BUNDLE_LOADER = "$(TEST_HOST)";
				CODE_SIGN_STYLE = Automatic;
				CURRENT_PROJECT_VERSION = 1;
				DEVELOPMENT_TEAM = J5F2V3TGP8;
				GENERATE_INFOPLIST_FILE = YES;
				IPHONEOS_DEPLOYMENT_TARGET = 18.1;
				MARKETING_VERSION = 1.0;
				PRODUCT_BUNDLE_IDENTIFIER = "edmare.Dungeon-ExplorerTests";
				PRODUCT_NAME = "$(TARGET_NAME)";
				SWIFT_EMIT_LOC_STRINGS = NO;
				SWIFT_VERSION = 5.0;
				TARGETED_DEVICE_FAMILY = "1,2";
				TEST_HOST = "$(BUILT_PRODUCTS_DIR)/Dungeon Explorer.app/$(BUNDLE_EXECUTABLE_FOLDER_PATH)/Dungeon Explorer";
			};
			name = Debug;
		};
		97E37FD72D1A3053005012FA /* Release */ = {
			isa = XCBuildConfiguration;
			buildSettings = {
				BUNDLE_LOADER = "$(TEST_HOST)";
				CODE_SIGN_STYLE = Automatic;
				CURRENT_PROJECT_VERSION = 1;
				DEVELOPMENT_TEAM = J5F2V3TGP8;
				GENERATE_INFOPLIST_FILE = YES;
				IPHONEOS_DEPLOYMENT_TARGET = 18.1;
				MARKETING_VERSION = 1.0;
				PRODUCT_BUNDLE_IDENTIFIER = "edmare.Dungeon-ExplorerTests";
				PRODUCT_NAME = "$(TARGET_NAME)";
				SWIFT_EMIT_LOC_STRINGS = NO;
				SWIFT_VERSION = 5.0;
				TARGETED_DEVICE_FAMILY = "1,2";
				TEST_HOST = "$(BUILT_PRODUCTS_DIR)/Dungeon Explorer.app/$(BUNDLE_EXECUTABLE_FOLDER_PATH)/Dungeon Explorer";
			};
			name = Release;
		};
		97E37FD92D1A3053005012FA /* Debug */ = {
			isa = XCBuildConfiguration;
			buildSettings = {
				CODE_SIGN_STYLE = Automatic;
				CURRENT_PROJECT_VERSION = 1;
				DEVELOPMENT_TEAM = J5F2V3TGP8;
				GENERATE_INFOPLIST_FILE = YES;
				MARKETING_VERSION = 1.0;
				PRODUCT_BUNDLE_IDENTIFIER = "edmare.Dungeon-ExplorerUITests";
				PRODUCT_NAME = "$(TARGET_NAME)";
				SWIFT_EMIT_LOC_STRINGS = NO;
				SWIFT_VERSION = 5.0;
				TARGETED_DEVICE_FAMILY = "1,2";
				TEST_TARGET_NAME = "Dungeon Explorer";
			};
			name = Debug;
		};
		97E37FDA2D1A3053005012FA /* Release */ = {
			isa = XCBuildConfiguration;
			buildSettings = {
				CODE_SIGN_STYLE = Automatic;
				CURRENT_PROJECT_VERSION = 1;
				DEVELOPMENT_TEAM = J5F2V3TGP8;
				GENERATE_INFOPLIST_FILE = YES;
				MARKETING_VERSION = 1.0;
				PRODUCT_BUNDLE_IDENTIFIER = "edmare.Dungeon-ExplorerUITests";
				PRODUCT_NAME = "$(TARGET_NAME)";
				SWIFT_EMIT_LOC_STRINGS = NO;
				SWIFT_VERSION = 5.0;
				TARGETED_DEVICE_FAMILY = "1,2";
				TEST_TARGET_NAME = "Dungeon Explorer";
			};
			name = Release;
		};
/* End XCBuildConfiguration section */

/* Begin XCConfigurationList section */
		97E37FA42D1A3052005012FA /* Build configuration list for PBXProject "Dungeon Explorer" */ = {
			isa = XCConfigurationList;
			buildConfigurations = (
				97E37FD32D1A3053005012FA /* Debug */,
				97E37FD42D1A3053005012FA /* Release */,
			);
			defaultConfigurationIsVisible = 0;
			defaultConfigurationName = Release;
		};
		97E37FD02D1A3053005012FA /* Build configuration list for PBXNativeTarget "Dungeon Explorer" */ = {
			isa = XCConfigurationList;
			buildConfigurations = (
				97E37FD12D1A3053005012FA /* Debug */,
				97E37FD22D1A3053005012FA /* Release */,
			);
			defaultConfigurationIsVisible = 0;
			defaultConfigurationName = Release;
		};
		97E37FD52D1A3053005012FA /* Build configuration list for PBXNativeTarget "Dungeon ExplorerTests" */ = {
			isa = XCConfigurationList;
			buildConfigurations = (
				97E37FD62D1A3053005012FA /* Debug */,
				97E37FD72D1A3053005012FA /* Release */,
			);
			defaultConfigurationIsVisible = 0;
			defaultConfigurationName = Release;
		};
		97E37FD82D1A3053005012FA /* Build configuration list for PBXNativeTarget "Dungeon ExplorerUITests" */ = {
			isa = XCConfigurationList;
			buildConfigurations = (
				97E37FD92D1A3053005012FA /* Debug */,
				97E37FDA2D1A3053005012FA /* Release */,
			);
			defaultConfigurationIsVisible = 0;
			defaultConfigurationName = Release;
		};
/* End XCConfigurationList section */

/* Begin XCRemoteSwiftPackageReference section */
		97E37FDD2D1A4690005012FA /* XCRemoteSwiftPackageReference "firebase-ios-sdk" */ = {
			isa = XCRemoteSwiftPackageReference;
			repositoryURL = "https://github.com/firebase/firebase-ios-sdk";
			requirement = {
				kind = upToNextMajorVersion;
				minimumVersion = 11.6.0;
			};
		};
/* End XCRemoteSwiftPackageReference section */

/* Begin XCSwiftPackageProductDependency section */
		97E37FDE2D1A4BC5005012FA /* FirebaseAnalytics */ = {
			isa = XCSwiftPackageProductDependency;
			package = 97E37FDD2D1A4690005012FA /* XCRemoteSwiftPackageReference "firebase-ios-sdk" */;
			productName = FirebaseAnalytics;
		};
		97E37FE02D1A4BC5005012FA /* FirebaseAuth */ = {
			isa = XCSwiftPackageProductDependency;
			package = 97E37FDD2D1A4690005012FA /* XCRemoteSwiftPackageReference "firebase-ios-sdk" */;
			productName = FirebaseAuth;
		};
		97E37FE22D1A4BC5005012FA /* FirebaseCore */ = {
			isa = XCSwiftPackageProductDependency;
			package = 97E37FDD2D1A4690005012FA /* XCRemoteSwiftPackageReference "firebase-ios-sdk" */;
			productName = FirebaseCore;
		};
		97E37FE42D1A4BC5005012FA /* FirebaseCrashlytics */ = {
			isa = XCSwiftPackageProductDependency;
			package = 97E37FDD2D1A4690005012FA /* XCRemoteSwiftPackageReference "firebase-ios-sdk" */;
			productName = FirebaseCrashlytics;
		};
		97E37FE62D1A4BC5005012FA /* FirebaseDatabase */ = {
			isa = XCSwiftPackageProductDependency;
			package = 97E37FDD2D1A4690005012FA /* XCRemoteSwiftPackageReference "firebase-ios-sdk" */;
			productName = FirebaseDatabase;
		};
		97E37FE82D1A4BC5005012FA /* FirebaseFirestore */ = {
			isa = XCSwiftPackageProductDependency;
			package = 97E37FDD2D1A4690005012FA /* XCRemoteSwiftPackageReference "firebase-ios-sdk" */;
			productName = FirebaseFirestore;
		};
		97E37FEA2D1A4BC5005012FA /* FirebaseMessaging */ = {
			isa = XCSwiftPackageProductDependency;
			package = 97E37FDD2D1A4690005012FA /* XCRemoteSwiftPackageReference "firebase-ios-sdk" */;
			productName = FirebaseMessaging;
		};
		97E37FEC2D1A4BC5005012FA /* FirebasePerformance */ = {
			isa = XCSwiftPackageProductDependency;
			package = 97E37FDD2D1A4690005012FA /* XCRemoteSwiftPackageReference "firebase-ios-sdk" */;
			productName = FirebasePerformance;
		};
		97E37FEE2D1A4BC5005012FA /* FirebaseStorage */ = {
			isa = XCSwiftPackageProductDependency;
			package = 97E37FDD2D1A4690005012FA /* XCRemoteSwiftPackageReference "firebase-ios-sdk" */;
			productName = FirebaseStorage;
		};
		97E37FF02D1A4BC5005012FA /* FirebaseVertexAI */ = {
			isa = XCSwiftPackageProductDependency;
			package = 97E37FDD2D1A4690005012FA /* XCRemoteSwiftPackageReference "firebase-ios-sdk" */;
			productName = FirebaseVertexAI;
		};
		97E37FF32D1A4BDA005012FA /* FirebaseCore */ = {
			isa = XCSwiftPackageProductDependency;
			package = 97E37FDD2D1A4690005012FA /* XCRemoteSwiftPackageReference "firebase-ios-sdk" */;
			productName = FirebaseCore;
		};
		97E37FF52D1A4BF4005012FA /* FirebaseCrashlytics */ = {
			isa = XCSwiftPackageProductDependency;
			package = 97E37FDD2D1A4690005012FA /* XCRemoteSwiftPackageReference "firebase-ios-sdk" */;
			productName = FirebaseCrashlytics;
		};
		97E37FF72D1A4BF4005012FA /* FirebaseDatabase */ = {
			isa = XCSwiftPackageProductDependency;
			package = 97E37FDD2D1A4690005012FA /* XCRemoteSwiftPackageReference "firebase-ios-sdk" */;
			productName = FirebaseDatabase;
		};
		97E37FF92D1A4C01005012FA /* FirebaseAnalytics */ = {
			isa = XCSwiftPackageProductDependency;
			package = 97E37FDD2D1A4690005012FA /* XCRemoteSwiftPackageReference "firebase-ios-sdk" */;
			productName = FirebaseAnalytics;
		};
		97E37FFB2D1A4C15005012FA /* FirebaseMessaging */ = {
			isa = XCSwiftPackageProductDependency;
			package = 97E37FDD2D1A4690005012FA /* XCRemoteSwiftPackageReference "firebase-ios-sdk" */;
			productName = FirebaseMessaging;
		};
		97E37FFD2D1A4C1B005012FA /* FirebaseInAppMessaging-Beta */ = {
			isa = XCSwiftPackageProductDependency;
			package = 97E37FDD2D1A4690005012FA /* XCRemoteSwiftPackageReference "firebase-ios-sdk" */;
			productName = "FirebaseInAppMessaging-Beta";
		};
		97E37FFF2D1A4C26005012FA /* FirebasePerformance */ = {
			isa = XCSwiftPackageProductDependency;
			package = 97E37FDD2D1A4690005012FA /* XCRemoteSwiftPackageReference "firebase-ios-sdk" */;
			productName = FirebasePerformance;
		};
		97E380012D1A4C2A005012FA /* FirebaseStorage */ = {
			isa = XCSwiftPackageProductDependency;
			package = 97E37FDD2D1A4690005012FA /* XCRemoteSwiftPackageReference "firebase-ios-sdk" */;
			productName = FirebaseStorage;
		};
/* End XCSwiftPackageProductDependency section */
	};
	rootObject = 97E37FA12D1A3052005012FA /* Project object */;
}
